
Microsoft Visual Studio Solution File, Format Version 12.00
# Visual Studio Version 17
VisualStudioVersion = 17.7.34024.191
MinimumVisualStudioVersion = 10.0.40219.1
Project("{FAE04EC0-301F-11D3-BF4B-00C04F79EFBC}") = "Project_63131920", "Project_63131920\Project_63131920.csproj", "{1213F794-D152-47E3-A723-29F7BA6A5BDB}"
EndProject
Global
	GlobalSection(SolutionConfigurationPlatforms) = preSolution
		Debug|Any CPU = Debug|Any CPU
		Release|Any CPU = Release|Any CPU
	EndGlobalSection
	GlobalSection(ProjectConfigurationPlatforms) = postSolution
		{1213F794-D152-47E3-A723-29F7BA6A5BDB}.Debug|Any CPU.ActiveCfg = Debug|Any CPU
		{1213F794-D152-47E3-A723-29F7BA6A5BDB}.Debug|Any CPU.Build.0 = Debug|Any CPU
		{1213F794-D152-47E3-A723-29F7BA6A5BDB}.Release|Any CPU.ActiveCfg = Release|Any CPU
		{1213F794-D152-47E3-A723-29F7BA6A5BDB}.Release|Any CPU.Build.0 = Release|Any CPU
	EndGlobalSection
	GlobalSection(SolutionProperties) = preSolution
		HideSolutionNode = FALSE
	EndGlobalSection
	GlobalSection(ExtensibilityGlobals) = postSolution
		SolutionGuid = {630083C2-B869-4908-8793-E846B13DDB2D}
	EndGlobalSection
EndGlobal
